{
  "nodes": {
    "nixpkgs": {
      "locked": {
        "lastModified": 1680577567,
        "narHash": "sha256-Y4W57i0TzczqwMTjfVSbAZT5RJx7u+mpQIW/ofrkTQs=",
        "owner": "NixOS",
        "repo": "nixpkgs",
        "rev": "b01f185e4866de7c5b5a82f833ca9ea3c3f72fc4",
        "type": "github"
      },
      "original": {
        "owner": "NixOS",
        "ref": "nixpkgs-unstable",
        "repo": "nixpkgs",
        "type": "github"
      }
    },
    "root": {
      "inputs": {
        "nixpkgs": "nixpkgs"
      }
    }
  },
  "root": "root",
  "version": 7
}
