memos: {
  module: {
    args: {
      command_path: {
        name: "run"
      }
    }
  }
  calls: {
    binding: "resolve"
    results: {
      input: {
        array: {
          values: {
            object: {
              bindings: {
                symbol: "platform"
                value: {
                  object: {
                    bindings: {
                      symbol: "os"
                      value: {
                        string: {
                          value: "linux"
                        }
                      }
                    }
                  }
                }
              }
              bindings: {
                symbol: "repository"
                value: {
                  string: {
                    value: "nixos/nix"
                  }
                }
              }
              bindings: {
                symbol: "tag"
                value: {
                  string: {
                    value: "latest"
                  }
                }
              }
            }
          }
        }
      }
      output: {
        object: {
          bindings: {
            symbol: "repository"
            value: {
              string: {
                value: "nixos/nix"
              }
            }
          }
          bindings: {
            symbol: "platform"
            value: {
              object: {
                bindings: {
                  symbol: "architecture"
                  value: {
                    string: {
                      value: "amd64"
                    }
                  }
                }
                bindings: {
                  symbol: "os"
                  value: {
                    string: {
                      value: "linux"
                    }
                  }
                }
              }
            }
          }
          bindings: {
            symbol: "tag"
            value: {
              string: {
                value: "latest"
              }
            }
          }
          bindings: {
            symbol: "digest"
            value: {
              string: {
                value: "sha256:1f8fa57de6f2f9ea5ea8d115b339fa68d2f98f20b59438bdb9d3a082ad64d4bf"
              }
            }
          }
        }
      }
    }
    results: {
      input: {
        array: {
          values: {
            object: {
              bindings: {
                symbol: "platform"
                value: {
                  object: {
                    bindings: {
                      symbol: "os"
                      value: {
                        string: {
                          value: "linux"
                        }
                      }
                    }
                  }
                }
              }
              bindings: {
                symbol: "repository"
                value: {
                  string: {
                    value: "basslang/nixery"
                  }
                }
              }
              bindings: {
                symbol: "tag"
                value: {
                  string: {
                    value: "latest"
                  }
                }
              }
            }
          }
        }
      }
      output: {
        object: {
          bindings: {
            symbol: "repository"
            value: {
              string: {
                value: "basslang/nixery"
              }
            }
          }
          bindings: {
            symbol: "platform"
            value: {
              object: {
                bindings: {
                  symbol: "architecture"
                  value: {
                    string: {
                      value: "amd64"
                    }
                  }
                }
                bindings: {
                  symbol: "os"
                  value: {
                    string: {
                      value: "linux"
                    }
                  }
                }
              }
            }
          }
          bindings: {
            symbol: "tag"
            value: {
              string: {
                value: "latest"
              }
            }
          }
          bindings: {
            symbol: "digest"
            value: {
              string: {
                value: "sha256:aaaed1efa8f4dd10c2021bfb92ad8b510224d2474460426d0263bc955674b717"
              }
            }
          }
        }
      }
    }
    results: {
      input: {
        array: {
          values: {
            object: {
              bindings: {
                symbol: "platform"
                value: {
                  object: {
                    bindings: {
                      symbol: "os"
                      value: {
                        string: {
                          value: "linux"
                        }
                      }
                    }
                  }
                }
              }
              bindings: {
                symbol: "repository"
                value: {
                  string: {
                    value: "caddy"
                  }
                }
              }
              bindings: {
                symbol: "tag"
                value: {
                  string: {
                    value: "latest"
                  }
                }
              }
            }
          }
        }
      }
      output: {
        object: {
          bindings: {
            symbol: "repository"
            value: {
              string: {
                value: "caddy"
              }
            }
          }
          bindings: {
            symbol: "platform"
            value: {
              object: {
                bindings: {
                  symbol: "architecture"
                  value: {
                    string: {
                      value: "amd64"
                    }
                  }
                }
                bindings: {
                  symbol: "os"
                  value: {
                    string: {
                      value: "linux"
                    }
                  }
                }
              }
            }
          }
          bindings: {
            symbol: "tag"
            value: {
              string: {
                value: "latest"
              }
            }
          }
          bindings: {
            symbol: "digest"
            value: {
              string: {
                value: "sha256:e476ebf147a95081e370131c3b64a12810b6980029d445b0d710c2e8c4110ca8"
              }
            }
          }
        }
      }
    }
  }
}
