memos:  {
  module:  {
    cmd:  {
      command:  {
        name:  "run"
      }
    }
  }
  calls:  {
    binding:  "resolve"
    results:  {
      input:  {
        array:  {
          values:  {
            object:  {
              bindings:  {
                symbol:  "platform"
                value:  {
                  object:  {
                    bindings:  {
                      symbol:  "os"
                      value:  {
                        string:  {
                          value:  "linux"
                        }
                      }
                    }
                  }
                }
              }
              bindings:  {
                symbol:  "repository"
                value:  {
                  string:  {
                    value:  "nixos/nix"
                  }
                }
              }
              bindings:  {
                symbol:  "tag"
                value:  {
                  string:  {
                    value:  "latest"
                  }
                }
              }
            }
          }
        }
      }
      output:  {
        object:  {
          bindings:  {
            symbol:  "platform"
            value:  {
              object:  {
                bindings:  {
                  symbol:  "os"
                  value:  {
                    string:  {
                      value:  "linux"
                    }
                  }
                }
              }
            }
          }
          bindings:  {
            symbol:  "repository"
            value:  {
              string:  {
                value:  "nixos/nix"
              }
            }
          }
          bindings:  {
            symbol:  "tag"
            value:  {
              string:  {
                value:  "latest"
              }
            }
          }
          bindings:  {
            symbol:  "digest"
            value:  {
              string:  {
                value:  "sha256:800bd47a0587a69351155195fb343a8cbf8bda3b08822324419b95ca940aced6"
              }
            }
          }
        }
      }
    }
  }
}
